<?xml version="1.0" encoding="UTF-8" standalone="yes" ?>
<CodeBlocks_project_file>
	<FileVersion major="1" minor="6" />
	<Project>
		<Option title="Sistema_Universitario" />
		<Option pch_mode="2" />
		<Option compiler="gcc" />
		<Build>
			<Target title="Debug">
				<Option output="bin/Debug/Sistema_Universitario" prefix_auto="1" extension_auto="1" />
				<Option object_output="obj/Debug/" />
				<Option type="1" />
				<Option compiler="gcc" />
				<Compiler>
					<Add option="-g" />
					<Add directory="PRESENTACION" />
					<Add directory="DTO" />
					<Add directory="DAO" />
					<Add directory="NEGOCIO" />
					<Add directory="VALIDACIONES" />
					<Add directory="HELPERS" />
				</Compiler>
			</Target>
			<Target title="Release">
				<Option output="bin/Release/Sistema_Universitario" prefix_auto="1" extension_auto="1" />
				<Option object_output="obj/Release/" />
				<Option type="1" />
				<Option compiler="gcc" />
				<Compiler>
					<Add option="-O2" />
					<Add directory="PRESENTACION" />
					<Add directory="DTO" />
					<Add directory="DAO" />
					<Add directory="NEGOCIO" />
					<Add directory="VALIDACIONES" />
					<Add directory="HELPERS" />
				</Compiler>
				<Linker>
					<Add option="-s" />
				</Linker>
			</Target>
		</Build>
		<Compiler>
			<Add option="-Wall" />
			<Add option="-fexceptions" />
		</Compiler>
		<Unit filename="DAO/clsMateriaDAO.cpp" />
		<Unit filename="DAO/clsMateriaDAO.h" />
		<Unit filename="DTO/clsMateriaDTO.cpp" />
		<Unit filename="DTO/clsMateriaDTO.h" />
		<Unit filename="HELPERS/clsCadenas.cpp" />
		<Unit filename="HELPERS/clsCadenas.h" />
		<Unit filename="HELPERS/clsValidaciones.cpp" />
		<Unit filename="HELPERS/clsValidaciones.h" />
		<Unit filename="NEGOCIO/clsMateriaNEGOCIO.cpp" />
		<Unit filename="NEGOCIO/clsMateriaNEGOCIO.h" />
		<Unit filename="PRESENTACION/clsMainView.cpp" />
		<Unit filename="PRESENTACION/clsMainView.h" />
		<Unit filename="PRESENTACION/clsMateriaView.cpp" />
		<Unit filename="PRESENTACION/clsMateriaView.h" />
		<Unit filename="main.cpp" />
		<Extensions>
			<code_completion />
			<envvars />
			<debugger />
			<lib_finder disable_auto="1" />
		</Extensions>
	</Project>
</CodeBlocks_project_file>
